
Microsoft Visual Studio Solution File, Format Version 12.00
# Visual Studio Version 16
VisualStudioVersion = 16.0.31424.327
MinimumVisualStudioVersion = 10.0.40219.1
Project("{9A19103F-16F7-4668-BE54-9A1E7A4F7556}") = "Practice", "Practice\Practice.csproj", "{0E246DDB-528A-466E-9D91-D6857C35914E}"
EndProject
Project("{9A19103F-16F7-4668-BE54-9A1E7A4F7556}") = "4", "4\4.csproj", "{1C061E09-228A-4A3E-BCE3-9FF71DF71527}"
EndProject
Project("{9A19103F-16F7-4668-BE54-9A1E7A4F7556}") = "WordsChanger", "WordsChanger\WordsChanger.csproj", "{94302132-0C52-4F12-BA0D-223296757634}"
EndProject
Global
	GlobalSection(SolutionConfigurationPlatforms) = preSolution
		Debug|Any CPU = Debug|Any CPU
		Release|Any CPU = Release|Any CPU
	EndGlobalSection
	GlobalSection(ProjectConfigurationPlatforms) = postSolution
		{0E246DDB-528A-466E-9D91-D6857C35914E}.Debug|Any CPU.ActiveCfg = Debug|Any CPU
		{0E246DDB-528A-466E-9D91-D6857C35914E}.Debug|Any CPU.Build.0 = Debug|Any CPU
		{0E246DDB-528A-466E-9D91-D6857C35914E}.Release|Any CPU.ActiveCfg = Release|Any CPU
		{0E246DDB-528A-466E-9D91-D6857C35914E}.Release|Any CPU.Build.0 = Release|Any CPU
		{1C061E09-228A-4A3E-BCE3-9FF71DF71527}.Debug|Any CPU.ActiveCfg = Debug|Any CPU
		{1C061E09-228A-4A3E-BCE3-9FF71DF71527}.Debug|Any CPU.Build.0 = Debug|Any CPU
		{1C061E09-228A-4A3E-BCE3-9FF71DF71527}.Release|Any CPU.ActiveCfg = Release|Any CPU
		{1C061E09-228A-4A3E-BCE3-9FF71DF71527}.Release|Any CPU.Build.0 = Release|Any CPU
		{94302132-0C52-4F12-BA0D-223296757634}.Debug|Any CPU.ActiveCfg = Debug|Any CPU
		{94302132-0C52-4F12-BA0D-223296757634}.Debug|Any CPU.Build.0 = Debug|Any CPU
		{94302132-0C52-4F12-BA0D-223296757634}.Release|Any CPU.ActiveCfg = Release|Any CPU
		{94302132-0C52-4F12-BA0D-223296757634}.Release|Any CPU.Build.0 = Release|Any CPU
	EndGlobalSection
	GlobalSection(SolutionProperties) = preSolution
		HideSolutionNode = FALSE
	EndGlobalSection
	GlobalSection(ExtensibilityGlobals) = postSolution
		SolutionGuid = {B4206D38-DAD2-42D7-9BAA-8A3E518CF745}
	EndGlobalSection
EndGlobal
